{
  "requires": true,
  "lockfileVersion": 1,
  "dependencies": {
    "axios": {
      "version": "0.18.0",
      "resolved": "http://registry.npm.taobao.org/axios/download/axios-0.18.0.tgz",
      "dev": true,
      "requires": {
        "follow-redirects": "1.5.1",
        "is-buffer": "1.1.6"
      },
      "dependencies": {
        "follow-redirects": {
          "version": "1.5.1",
          "resolved": "http://registry.npm.taobao.org/follow-redirects/download/follow-redirects-1.5.1.tgz",
          "dev": true,
          "requires": {
            "debug": "3.1.0"
          },
          "dependencies": {
            "debug": {
              "version": "3.1.0",
              "resolved": "http://registry.npm.taobao.org/debug/download/debug-3.1.0.tgz",
              "dev": true,
              "requires": {
                "ms": "2.0.0"
              },
              "dependencies": {
                "ms": {
                  "version": "2.0.0",
                  "resolved": "http://registry.npm.taobao.org/ms/download/ms-2.0.0.tgz",
                  "dev": true
                }
              }
            }
          }
        },
        "is-buffer": {
          "version": "1.1.6",
          "resolved": "http://registry.npm.taobao.org/is-buffer/download/is-buffer-1.1.6.tgz",
          "dev": true
        }
      }
    }
  }
}
